{
  "name": "@drumee/ui-dev-tools",
  "version": "1.0.26",
  "lockfileVersion": 3,
  "requires": true,
  "packages": {
    "": {
      "name": "@drumee/ui-dev-tools",
      "version": "1.0.26",
      "hasInstallScript": true,
      "license": "MIT",
      "dependencies": {
        "@drumee/ui-dev-tools": "^1.0.22",
        "argparse": "^2.0.1",
        "lodash": "^4.17.21"
      }
    },
    "node_modules/@drumee/ui-dev-tools": {
      "version": "1.0.22",
      "resolved": "https://registry.npmjs.org/@drumee/ui-dev-tools/-/ui-dev-tools-1.0.22.tgz",
      "integrity": "sha512-e3VzygF/wVHkfsHMgoQKNQZJLJfN8g6oVReAUdqXWTGg6qW7RHq2pQA3LRcc/iRo41Y4vN0XAFO+aP8zqPanvg==",
      "hasInstallScript": true,
      "license": "MIT",
      "dependencies": {
        "argparse": "^2.0.1",
        "lodash": "^4.17.21"
      }
    },
    "node_modules/argparse": {
      "version": "2.0.1",
      "resolved": "https://registry.npmjs.org/argparse/-/argparse-2.0.1.tgz",
      "integrity": "sha512-8+9WqebbFzpX9OR+Wa6O29asIogeRMzcGtAINdpMHHyAg10f05aSFVBbcEqGf/PXw1EjAZ+q2/bEBg3DvurK3Q=="
    },
    "node_modules/lodash": {
      "version": "4.17.23",
      "resolved": "https://registry.npmjs.org/lodash/-/lodash-4.17.23.tgz",
      "integrity": "sha512-LgVTMpQtIopCi79SJeDiP0TfWi5CNEc/L/aRdTh3yIvmZXTnheWpKjSZhnvMl8iXbC1tFg9gdHHDMLoV7CnG+w==",
      "license": "MIT"
    }
  }
}
